
Microsoft Visual Studio Solution File, Format Version 12.00
# Visual Studio Version 17
VisualStudioVersion = 17.8.34330.188
MinimumVisualStudioVersion = 10.0.40219.1
Project("{888888A0-9F3D-457C-B088-3A5042F75D52}") = "CIS261 Course Project", "CIS261 Course Project\CIS261 Course Project.pyproj", "{AB121F03-3718-4599-B9A3-47E0AD6FFA06}"
EndProject
Global
	GlobalSection(SolutionConfigurationPlatforms) = preSolution
		Debug|Any CPU = Debug|Any CPU
		Release|Any CPU = Release|Any CPU
	EndGlobalSection
	GlobalSection(ProjectConfigurationPlatforms) = postSolution
		{AB121F03-3718-4599-B9A3-47E0AD6FFA06}.Debug|Any CPU.ActiveCfg = Debug|Any CPU
		{AB121F03-3718-4599-B9A3-47E0AD6FFA06}.Release|Any CPU.ActiveCfg = Release|Any CPU
	EndGlobalSection
	GlobalSection(SolutionProperties) = preSolution
		HideSolutionNode = FALSE
	EndGlobalSection
	GlobalSection(ExtensibilityGlobals) = postSolution
		SolutionGuid = {AD0BE314-7366-4CD3-AC70-98C0FD76AA5E}
	EndGlobalSection
EndGlobal
